// !$*UTF8*$!
{
	archiveVersion = 1;
	classes = {
	};
	objectVersion = 48;
	objects = {

/* Begin PBXBuildFile section */
		55552D8B0D7BDAAB479AFD4D /* libPods-USCG_Responder.a in Frameworks */ = {isa = PBXBuildFile; fileRef = 105E5BE17CF42F4F3097FED1 /* libPods-USCG_Responder.a */; };
		BD1410CB218F627700467813 /* AppDelegate.swift in Sources */ = {isa = PBXBuildFile; fileRef = BD1410CA218F627700467813 /* AppDelegate.swift */; };
		BD1410CD218F627700467813 /* ViewController.swift in Sources */ = {isa = PBXBuildFile; fileRef = BD1410CC218F627700467813 /* ViewController.swift */; };
		BD1410D0218F627700467813 /* Main.storyboard in Resources */ = {isa = PBXBuildFile; fileRef = BD1410CE218F627700467813 /* Main.storyboard */; };
		BD1410D3218F627700467813 /* USCG_Responder.xcdatamodeld in Sources */ = {isa = PBXBuildFile; fileRef = BD1410D1218F627700467813 /* USCG_Responder.xcdatamodeld */; };
		BD1410D5218F627700467813 /* Assets.xcassets in Resources */ = {isa = PBXBuildFile; fileRef = BD1410D4218F627700467813 /* Assets.xcassets */; };
		BD1410D8218F627700467813 /* LaunchScreen.storyboard in Resources */ = {isa = PBXBuildFile; fileRef = BD1410D6218F627700467813 /* LaunchScreen.storyboard */; };
		BD585EFF21AF6984004C003E /* GoogleService-Info.plist in Resources */ = {isa = PBXBuildFile; fileRef = BD585EFE21AF6983004C003E /* GoogleService-Info.plist */; };
		BD585F0121AF69A1004C003E /* Podfile in Resources */ = {isa = PBXBuildFile; fileRef = BD585F0021AF69A1004C003E /* Podfile */; };
		BD585F0321AF6DF4004C003E /* DBInt.swift in Sources */ = {isa = PBXBuildFile; fileRef = BD585F0221AF6DF4004C003E /* DBInt.swift */; };
		BD585F0521AF7701004C003E /* CaseReport.swift in Sources */ = {isa = PBXBuildFile; fileRef = BD585F0421AF7701004C003E /* CaseReport.swift */; };
		BD585F0721AF81C4004C003E /* SubmitViewController.swift in Sources */ = {isa = PBXBuildFile; fileRef = BD585F0621AF81C4004C003E /* SubmitViewController.swift */; };
		BD585F0A21B323FF004C003E /* RetrievalViewController.swift in Sources */ = {isa = PBXBuildFile; fileRef = BD585F0921B323FF004C003E /* RetrievalViewController.swift */; };
		BD6844DA21FB81160088CD5B /* QueryTableViewController.swift in Sources */ = {isa = PBXBuildFile; fileRef = BD6844D921FB81160088CD5B /* QueryTableViewController.swift */; };
		BD6844DE21FB952F0088CD5B /* CaseReportCell.swift in Sources */ = {isa = PBXBuildFile; fileRef = BD6844DD21FB952F0088CD5B /* CaseReportCell.swift */; };
/* End PBXBuildFile section */

/* Begin PBXFileReference section */
		105E5BE17CF42F4F3097FED1 /* libPods-USCG_Responder.a */ = {isa = PBXFileReference; explicitFileType = archive.ar; includeInIndex = 0; path = "libPods-USCG_Responder.a"; sourceTree = BUILT_PRODUCTS_DIR; };
		83EDCA695CEB702CAB302F2F /* Pods-USCG_Responder.release.xcconfig */ = {isa = PBXFileReference; includeInIndex = 1; lastKnownFileType = text.xcconfig; name = "Pods-USCG_Responder.release.xcconfig"; path = "Pods/Target Support Files/Pods-USCG_Responder/Pods-USCG_Responder.release.xcconfig"; sourceTree = "<group>"; };
		94FB6715083BEF144695DBFD /* Pods-USCG_Responder.debug.xcconfig */ = {isa = PBXFileReference; includeInIndex = 1; lastKnownFileType = text.xcconfig; name = "Pods-USCG_Responder.debug.xcconfig"; path = "Pods/Target Support Files/Pods-USCG_Responder/Pods-USCG_Responder.debug.xcconfig"; sourceTree = "<group>"; };
		BD1410C7218F627700467813 /* USCG_Responder.app */ = {isa = PBXFileReference; explicitFileType = wrapper.application; includeInIndex = 0; path = USCG_Responder.app; sourceTree = BUILT_PRODUCTS_DIR; };
		BD1410CA218F627700467813 /* AppDelegate.swift */ = {isa = PBXFileReference; lastKnownFileType = sourcecode.swift; path = AppDelegate.swift; sourceTree = "<group>"; };
		BD1410CC218F627700467813 /* ViewController.swift */ = {isa = PBXFileReference; lastKnownFileType = sourcecode.swift; path = ViewController.swift; sourceTree = "<group>"; };
		BD1410CF218F627700467813 /* Base */ = {isa = PBXFileReference; lastKnownFileType = file.storyboard; name = Base; path = Base.lproj/Main.storyboard; sourceTree = "<group>"; };
		BD1410D2218F627700467813 /* USCG_Responder.xcdatamodel */ = {isa = PBXFileReference; lastKnownFileType = wrapper.xcdatamodel; path = USCG_Responder.xcdatamodel; sourceTree = "<group>"; };
		BD1410D4218F627700467813 /* Assets.xcassets */ = {isa = PBXFileReference; lastKnownFileType = folder.assetcatalog; path = Assets.xcassets; sourceTree = "<group>"; };
		BD1410D7218F627700467813 /* Base */ = {isa = PBXFileReference; lastKnownFileType = file.storyboard; name = Base; path = Base.lproj/LaunchScreen.storyboard; sourceTree = "<group>"; };
		BD1410D9218F627700467813 /* Info.plist */ = {isa = PBXFileReference; lastKnownFileType = text.plist.xml; path = Info.plist; sourceTree = "<group>"; };
		BD585EFE21AF6983004C003E /* GoogleService-Info.plist */ = {isa = PBXFileReference; fileEncoding = 4; lastKnownFileType = text.plist.xml; path = "GoogleService-Info.plist"; sourceTree = "<group>"; };
		BD585F0021AF69A1004C003E /* Podfile */ = {isa = PBXFileReference; lastKnownFileType = text; path = Podfile; sourceTree = "<group>"; xcLanguageSpecificationIdentifier = xcode.lang.ruby; };
		BD585F0221AF6DF4004C003E /* DBInt.swift */ = {isa = PBXFileReference; lastKnownFileType = sourcecode.swift; path = DBInt.swift; sourceTree = "<group>"; };
		BD585F0421AF7701004C003E /* CaseReport.swift */ = {isa = PBXFileReference; lastKnownFileType = sourcecode.swift; path = CaseReport.swift; sourceTree = "<group>"; };
		BD585F0621AF81C4004C003E /* SubmitViewController.swift */ = {isa = PBXFileReference; lastKnownFileType = sourcecode.swift; path = SubmitViewController.swift; sourceTree = "<group>"; };
		BD585F0921B323FF004C003E /* RetrievalViewController.swift */ = {isa = PBXFileReference; lastKnownFileType = sourcecode.swift; path = RetrievalViewController.swift; sourceTree = "<group>"; };
		BD6844D921FB81160088CD5B /* QueryTableViewController.swift */ = {isa = PBXFileReference; lastKnownFileType = sourcecode.swift; path = QueryTableViewController.swift; sourceTree = "<group>"; };
		BD6844DD21FB952F0088CD5B /* CaseReportCell.swift */ = {isa = PBXFileReference; lastKnownFileType = sourcecode.swift; path = CaseReportCell.swift; sourceTree = "<group>"; };
/* End PBXFileReference section */

/* Begin PBXFrameworksBuildPhase section */
		BD1410C4218F627700467813 /* Frameworks */ = {
			isa = PBXFrameworksBuildPhase;
			buildActionMask = 2147483647;
			files = (
				55552D8B0D7BDAAB479AFD4D /* libPods-USCG_Responder.a in Frameworks */,
			);
			runOnlyForDeploymentPostprocessing = 0;
		};
/* End PBXFrameworksBuildPhase section */

/* Begin PBXGroup section */
		21A222F24C442D2800282266 /* Pods */ = {
			isa = PBXGroup;
			children = (
				94FB6715083BEF144695DBFD /* Pods-USCG_Responder.debug.xcconfig */,
				83EDCA695CEB702CAB302F2F /* Pods-USCG_Responder.release.xcconfig */,
			);
			name = Pods;
			sourceTree = "<group>";
		};
		5076CC3E55A1CE4DF2D8C9F0 /* Frameworks */ = {
			isa = PBXGroup;
			children = (
				105E5BE17CF42F4F3097FED1 /* libPods-USCG_Responder.a */,
			);
			name = Frameworks;
			sourceTree = "<group>";
		};
		BD1410BE218F627700467813 = {
			isa = PBXGroup;
			children = (
				BD585F0021AF69A1004C003E /* Podfile */,
				BD1410C9218F627700467813 /* USCG_Responder */,
				BD1410C8218F627700467813 /* Products */,
				21A222F24C442D2800282266 /* Pods */,
				5076CC3E55A1CE4DF2D8C9F0 /* Frameworks */,
			);
			sourceTree = "<group>";
		};
		BD1410C8218F627700467813 /* Products */ = {
			isa = PBXGroup;
			children = (
				BD1410C7218F627700467813 /* USCG_Responder.app */,
			);
			name = Products;
			sourceTree = "<group>";
		};
		BD1410C9218F627700467813 /* USCG_Responder */ = {
			isa = PBXGroup;
			children = (
				BD1410CA218F627700467813 /* AppDelegate.swift */,
				BD1410CC218F627700467813 /* ViewController.swift */,
				BD585F0221AF6DF4004C003E /* DBInt.swift */,
				BD585F0421AF7701004C003E /* CaseReport.swift */,
				BD585F0621AF81C4004C003E /* SubmitViewController.swift */,
				BD585F0921B323FF004C003E /* RetrievalViewController.swift */,
				BD6844D921FB81160088CD5B /* QueryTableViewController.swift */,
				BD6844DD21FB952F0088CD5B /* CaseReportCell.swift */,
				BD1410CE218F627700467813 /* Main.storyboard */,
				BD1410D4218F627700467813 /* Assets.xcassets */,
				BD1410D6218F627700467813 /* LaunchScreen.storyboard */,
				BD1410D9218F627700467813 /* Info.plist */,
				BD1410D1218F627700467813 /* USCG_Responder.xcdatamodeld */,
				BD585EFE21AF6983004C003E /* GoogleService-Info.plist */,
			);
			path = USCG_Responder;
			sourceTree = "<group>";
		};
/* End PBXGroup section */

/* Begin PBXNativeTarget section */
		BD1410C6218F627700467813 /* USCG_Responder */ = {
			isa = PBXNativeTarget;
			buildConfigurationList = BD1410DC218F627700467813 /* Build configuration list for PBXNativeTarget "USCG_Responder" */;
			buildPhases = (
				9522B6A5177C17FBF41D898F /* [CP] Check Pods Manifest.lock */,
				BD1410C3218F627700467813 /* Sources */,
				BD1410C4218F627700467813 /* Frameworks */,
				BD1410C5218F627700467813 /* Resources */,
				9646BD47A436A354D53FD7AF /* [CP] Copy Pods Resources */,
			);
			buildRules = (
			);
			dependencies = (
			);
			name = USCG_Responder;
			productName = USCG_Responder;
			productReference = BD1410C7218F627700467813 /* USCG_Responder.app */;
			productType = "com.apple.product-type.application";
		};
/* End PBXNativeTarget section */

/* Begin PBXProject section */
		BD1410BF218F627700467813 /* Project object */ = {
			isa = PBXProject;
			attributes = {
				LastSwiftUpdateCheck = 0920;
				LastUpgradeCheck = 0920;
				ORGANIZATIONNAME = "Patrick Flynn";
				TargetAttributes = {
					BD1410C6218F627700467813 = {
						CreatedOnToolsVersion = 9.2;
						ProvisioningStyle = Automatic;
					};
				};
			};
			buildConfigurationList = BD1410C2218F627700467813 /* Build configuration list for PBXProject "USCG_Responder" */;
			compatibilityVersion = "Xcode 8.0";
			developmentRegion = en;
			hasScannedForEncodings = 0;
			knownRegions = (
				en,
				Base,
			);
			mainGroup = BD1410BE218F627700467813;
			productRefGroup = BD1410C8218F627700467813 /* Products */;
			projectDirPath = "";
			projectRoot = "";
			targets = (
				BD1410C6218F627700467813 /* USCG_Responder */,
			);
		};
/* End PBXProject section */

/* Begin PBXResourcesBuildPhase section */
		BD1410C5218F627700467813 /* Resources */ = {
			isa = PBXResourcesBuildPhase;
			buildActionMask = 2147483647;
			files = (
				BD585F0121AF69A1004C003E /* Podfile in Resources */,
				BD1410D8218F627700467813 /* LaunchScreen.storyboard in Resources */,
				BD585EFF21AF6984004C003E /* GoogleService-Info.plist in Resources */,
				BD1410D5218F627700467813 /* Assets.xcassets in Resources */,
				BD1410D0218F627700467813 /* Main.storyboard in Resources */,
			);
			runOnlyForDeploymentPostprocessing = 0;
		};
/* End PBXResourcesBuildPhase section */

/* Begin PBXShellScriptBuildPhase section */
		9522B6A5177C17FBF41D898F /* [CP] Check Pods Manifest.lock */ = {
			isa = PBXShellScriptBuildPhase;
			buildActionMask = 2147483647;
			files = (
			);
			inputPaths = (
				"${PODS_PODFILE_DIR_PATH}/Podfile.lock",
				"${PODS_ROOT}/Manifest.lock",
			);
			name = "[CP] Check Pods Manifest.lock";
			outputPaths = (
				"$(DERIVED_FILE_DIR)/Pods-USCG_Responder-checkManifestLockResult.txt",
			);
			runOnlyForDeploymentPostprocessing = 0;
			shellPath = /bin/sh;
			shellScript = "diff \"${PODS_PODFILE_DIR_PATH}/Podfile.lock\" \"${PODS_ROOT}/Manifest.lock\" > /dev/null\nif [ $? != 0 ] ; then\n    # print error to STDERR\n    echo \"error: The sandbox is not in sync with the Podfile.lock. Run 'pod install' or update your CocoaPods installation.\" >&2\n    exit 1\nfi\n# This output is used by Xcode 'outputs' to avoid re-running this script phase.\necho \"SUCCESS\" > \"${SCRIPT_OUTPUT_FILE_0}\"\n";
			showEnvVarsInLog = 0;
		};
		9646BD47A436A354D53FD7AF /* [CP] Copy Pods Resources */ = {
			isa = PBXShellScriptBuildPhase;
			buildActionMask = 2147483647;
			files = (
			);
			inputPaths = (
				"${SRCROOT}/Pods/Target Support Files/Pods-USCG_Responder/Pods-USCG_Responder-resources.sh",
				"${PODS_ROOT}/GoogleMaps/Maps/Frameworks/GoogleMaps.framework/Resources/GoogleMaps.bundle",
				"${PODS_CONFIGURATION_BUILD_DIR}/MessageKit/MessageKitAssets.bundle",
			);
			name = "[CP] Copy Pods Resources";
			outputPaths = (
				"${TARGET_BUILD_DIR}/${UNLOCALIZED_RESOURCES_FOLDER_PATH}/GoogleMaps.bundle",
				"${TARGET_BUILD_DIR}/${UNLOCALIZED_RESOURCES_FOLDER_PATH}/MessageKitAssets.bundle",
			);
			runOnlyForDeploymentPostprocessing = 0;
			shellPath = /bin/sh;
			shellScript = "\"${SRCROOT}/Pods/Target Support Files/Pods-USCG_Responder/Pods-USCG_Responder-resources.sh\"\n";
			showEnvVarsInLog = 0;
		};
/* End PBXShellScriptBuildPhase section */

/* Begin PBXSourcesBuildPhase section */
		BD1410C3218F627700467813 /* Sources */ = {
			isa = PBXSourcesBuildPhase;
			buildActionMask = 2147483647;
			files = (
				BD1410CD218F627700467813 /* ViewController.swift in Sources */,
				BD585F0521AF7701004C003E /* CaseReport.swift in Sources */,
				BD1410CB218F627700467813 /* AppDelegate.swift in Sources */,
				BD1410D3218F627700467813 /* USCG_Responder.xcdatamodeld in Sources */,
				BD585F0721AF81C4004C003E /* SubmitViewController.swift in Sources */,
				BD6844DE21FB952F0088CD5B /* CaseReportCell.swift in Sources */,
				BD585F0A21B323FF004C003E /* RetrievalViewController.swift in Sources */,
				BD6844DA21FB81160088CD5B /* QueryTableViewController.swift in Sources */,
				BD585F0321AF6DF4004C003E /* DBInt.swift in Sources */,
			);
			runOnlyForDeploymentPostprocessing = 0;
		};
/* End PBXSourcesBuildPhase section */

/* Begin PBXVariantGroup section */
		BD1410CE218F627700467813 /* Main.storyboard */ = {
			isa = PBXVariantGroup;
			children = (
				BD1410CF218F627700467813 /* Base */,
			);
			name = Main.storyboard;
			sourceTree = "<group>";
		};
		BD1410D6218F627700467813 /* LaunchScreen.storyboard */ = {
			isa = PBXVariantGroup;
			children = (
				BD1410D7218F627700467813 /* Base */,
			);
			name = LaunchScreen.storyboard;
			sourceTree = "<group>";
		};
/* End PBXVariantGroup section */

/* Begin XCBuildConfiguration section */
		BD1410DA218F627700467813 /* Debug */ = {
			isa = XCBuildConfiguration;
			buildSettings = {
				ALWAYS_SEARCH_USER_PATHS = NO;
				CLANG_ANALYZER_NONNULL = YES;
				CLANG_ANALYZER_NUMBER_OBJECT_CONVERSION = YES_AGGRESSIVE;
				CLANG_CXX_LANGUAGE_STANDARD = "gnu++14";
				CLANG_CXX_LIBRARY = "libc++";
				CLANG_ENABLE_MODULES = YES;
				CLANG_ENABLE_OBJC_ARC = YES;
				CLANG_WARN_BLOCK_CAPTURE_AUTORELEASING = YES;
				CLANG_WARN_BOOL_CONVERSION = YES;
				CLANG_WARN_COMMA = YES;
				CLANG_WARN_CONSTANT_CONVERSION = YES;
				CLANG_WARN_DIRECT_OBJC_ISA_USAGE = YES_ERROR;
				CLANG_WARN_DOCUMENTATION_COMMENTS = YES;
				CLANG_WARN_EMPTY_BODY = YES;
				CLANG_WARN_ENUM_CONVERSION = YES;
				CLANG_WARN_INFINITE_RECURSION = YES;
				CLANG_WARN_INT_CONVERSION = YES;
				CLANG_WARN_NON_LITERAL_NULL_CONVERSION = YES;
				CLANG_WARN_OBJC_LITERAL_CONVERSION = YES;
				CLANG_WARN_OBJC_ROOT_CLASS = YES_ERROR;
				CLANG_WARN_RANGE_LOOP_ANALYSIS = YES;
				CLANG_WARN_STRICT_PROTOTYPES = YES;
				CLANG_WARN_SUSPICIOUS_MOVE = YES;
				CLANG_WARN_UNGUARDED_AVAILABILITY = YES_AGGRESSIVE;
				CLANG_WARN_UNREACHABLE_CODE = YES;
				CLANG_WARN__DUPLICATE_METHOD_MATCH = YES;
				CODE_SIGN_IDENTITY = "iPhone Developer";
				COPY_PHASE_STRIP = NO;
				DEBUG_INFORMATION_FORMAT = dwarf;
				ENABLE_STRICT_OBJC_MSGSEND = YES;
				ENABLE_TESTABILITY = YES;
				GCC_C_LANGUAGE_STANDARD = gnu11;
				GCC_DYNAMIC_NO_PIC = NO;
				GCC_NO_COMMON_BLOCKS = YES;
				GCC_OPTIMIZATION_LEVEL = 0;
				GCC_PREPROCESSOR_DEFINITIONS = (
					"DEBUG=1",
					"$(inherited)",
				);
				GCC_WARN_64_TO_32_BIT_CONVERSION = YES;
				GCC_WARN_ABOUT_RETURN_TYPE = YES_ERROR;
				GCC_WARN_UNDECLARED_SELECTOR = YES;
				GCC_WARN_UNINITIALIZED_AUTOS = YES_AGGRESSIVE;
				GCC_WARN_UNUSED_FUNCTION = YES;
				GCC_WARN_UNUSED_VARIABLE = YES;
				IPHONEOS_DEPLOYMENT_TARGET = 11.2;
				MTL_ENABLE_DEBUG_INFO = YES;
				ONLY_ACTIVE_ARCH = YES;
				SDKROOT = iphoneos;
				SWIFT_ACTIVE_COMPILATION_CONDITIONS = DEBUG;
				SWIFT_OPTIMIZATION_LEVEL = "-Onone";
			};
			name = Debug;
		};
		BD1410DB218F627700467813 /* Release */ = {
			isa = XCBuildConfiguration;
			buildSettings = {
				ALWAYS_SEARCH_USER_PATHS = NO;
				CLANG_ANALYZER_NONNULL = YES;
				CLANG_ANALYZER_NUMBER_OBJECT_CONVERSION = YES_AGGRESSIVE;
				CLANG_CXX_LANGUAGE_STANDARD = "gnu++14";
				CLANG_CXX_LIBRARY = "libc++";
				CLANG_ENABLE_MODULES = YES;
				CLANG_ENABLE_OBJC_ARC = YES;
				CLANG_WARN_BLOCK_CAPTURE_AUTORELEASING = YES;
				CLANG_WARN_BOOL_CONVERSION = YES;
				CLANG_WARN_COMMA = YES;
				CLANG_WARN_CONSTANT_CONVERSION = YES;
				CLANG_WARN_DIRECT_OBJC_ISA_USAGE = YES_ERROR;
				CLANG_WARN_DOCUMENTATION_COMMENTS = YES;
				CLANG_WARN_EMPTY_BODY = YES;
				CLANG_WARN_ENUM_CONVERSION = YES;
				CLANG_WARN_INFINITE_RECURSION = YES;
				CLANG_WARN_INT_CONVERSION = YES;
				CLANG_WARN_NON_LITERAL_NULL_CONVERSION = YES;
				CLANG_WARN_OBJC_LITERAL_CONVERSION = YES;
				CLANG_WARN_OBJC_ROOT_CLASS = YES_ERROR;
				CLANG_WARN_RANGE_LOOP_ANALYSIS = YES;
				CLANG_WARN_STRICT_PROTOTYPES = YES;
				CLANG_WARN_SUSPICIOUS_MOVE = YES;
				CLANG_WARN_UNGUARDED_AVAILABILITY = YES_AGGRESSIVE;
				CLANG_WARN_UNREACHABLE_CODE = YES;
				CLANG_WARN__DUPLICATE_METHOD_MATCH = YES;
				CODE_SIGN_IDENTITY = "iPhone Developer";
				COPY_PHASE_STRIP = NO;
				DEBUG_INFORMATION_FORMAT = "dwarf-with-dsym";
				ENABLE_NS_ASSERTIONS = NO;
				ENABLE_STRICT_OBJC_MSGSEND = YES;
				GCC_C_LANGUAGE_STANDARD = gnu11;
				GCC_NO_COMMON_BLOCKS = YES;
				GCC_WARN_64_TO_32_BIT_CONVERSION = YES;
				GCC_WARN_ABOUT_RETURN_TYPE = YES_ERROR;
				GCC_WARN_UNDECLARED_SELECTOR = YES;
				GCC_WARN_UNINITIALIZED_AUTOS = YES_AGGRESSIVE;
				GCC_WARN_UNUSED_FUNCTION = YES;
				GCC_WARN_UNUSED_VARIABLE = YES;
				IPHONEOS_DEPLOYMENT_TARGET = 11.2;
				MTL_ENABLE_DEBUG_INFO = NO;
				SDKROOT = iphoneos;
				SWIFT_OPTIMIZATION_LEVEL = "-Owholemodule";
				VALIDATE_PRODUCT = YES;
			};
			name = Release;
		};
		BD1410DD218F627700467813 /* Debug */ = {
			isa = XCBuildConfiguration;
			baseConfigurationReference = 94FB6715083BEF144695DBFD /* Pods-USCG_Responder.debug.xcconfig */;
			buildSettings = {
				ASSETCATALOG_COMPILER_APPICON_NAME = AppIcon;
				CODE_SIGN_STYLE = Automatic;
				DEVELOPMENT_TEAM = XWLYVUN795;
				INFOPLIST_FILE = USCG_Responder/Info.plist;
				LD_RUNPATH_SEARCH_PATHS = "$(inherited) @executable_path/Frameworks";
				PRODUCT_BUNDLE_IDENTIFIER = "GarbageCodeInc.USCG-Responder";
				PRODUCT_NAME = "$(TARGET_NAME)";
				SWIFT_VERSION = 4.0;
				TARGETED_DEVICE_FAMILY = "1,2";
			};
			name = Debug;
		};
		BD1410DE218F627700467813 /* Release */ = {
			isa = XCBuildConfiguration;
			baseConfigurationReference = 83EDCA695CEB702CAB302F2F /* Pods-USCG_Responder.release.xcconfig */;
			buildSettings = {
				ASSETCATALOG_COMPILER_APPICON_NAME = AppIcon;
				CODE_SIGN_STYLE = Automatic;
				DEVELOPMENT_TEAM = XWLYVUN795;
				INFOPLIST_FILE = USCG_Responder/Info.plist;
				LD_RUNPATH_SEARCH_PATHS = "$(inherited) @executable_path/Frameworks";
				PRODUCT_BUNDLE_IDENTIFIER = "GarbageCodeInc.USCG-Responder";
				PRODUCT_NAME = "$(TARGET_NAME)";
				SWIFT_VERSION = 4.0;
				TARGETED_DEVICE_FAMILY = "1,2";
			};
			name = Release;
		};
/* End XCBuildConfiguration section */

/* Begin XCConfigurationList section */
		BD1410C2218F627700467813 /* Build configuration list for PBXProject "USCG_Responder" */ = {
			isa = XCConfigurationList;
			buildConfigurations = (
				BD1410DA218F627700467813 /* Debug */,
				BD1410DB218F627700467813 /* Release */,
			);
			defaultConfigurationIsVisible = 0;
			defaultConfigurationName = Release;
		};
		BD1410DC218F627700467813 /* Build configuration list for PBXNativeTarget "USCG_Responder" */ = {
			isa = XCConfigurationList;
			buildConfigurations = (
				BD1410DD218F627700467813 /* Debug */,
				BD1410DE218F627700467813 /* Release */,
			);
			defaultConfigurationIsVisible = 0;
			defaultConfigurationName = Release;
		};
/* End XCConfigurationList section */

/* Begin XCVersionGroup section */
		BD1410D1218F627700467813 /* USCG_Responder.xcdatamodeld */ = {
			isa = XCVersionGroup;
			children = (
				BD1410D2218F627700467813 /* USCG_Responder.xcdatamodel */,
			);
			currentVersion = BD1410D2218F627700467813 /* USCG_Responder.xcdatamodel */;
			path = USCG_Responder.xcdatamodeld;
			sourceTree = "<group>";
			versionGroupType = wrapper.xcdatamodel;
		};
/* End XCVersionGroup section */
	};
	rootObject = BD1410BF218F627700467813 /* Project object */;
}
